// !$*UTF8*$!
{
	archiveVersion = 1;
	classes = {
	};
	objectVersion = 50;
	objects = {

/* Begin PBXBuildFile section */
		2E140B5123AD05A8005ACBA1 /* AppDelegate.swift in Sources */ = {isa = PBXBuildFile; fileRef = 2E140B5023AD05A8005ACBA1 /* AppDelegate.swift */; };
		2E140B5323AD05A8005ACBA1 /* SceneDelegate.swift in Sources */ = {isa = PBXBuildFile; fileRef = 2E140B5223AD05A8005ACBA1 /* SceneDelegate.swift */; };
		2E140B5523AD05A8005ACBA1 /* ContentView.swift in Sources */ = {isa = PBXBuildFile; fileRef = 2E140B5423AD05A8005ACBA1 /* ContentView.swift */; };
		2E140B5723AD05AB005ACBA1 /* Assets.xcassets in Resources */ = {isa = PBXBuildFile; fileRef = 2E140B5623AD05AB005ACBA1 /* Assets.xcassets */; };
		2E140B5A23AD05AB005ACBA1 /* Preview Assets.xcassets in Resources */ = {isa = PBXBuildFile; fileRef = 2E140B5923AD05AB005ACBA1 /* Preview Assets.xcassets */; };
		2E140B5D23AD05AB005ACBA1 /* LaunchScreen.storyboard in Resources */ = {isa = PBXBuildFile; fileRef = 2E140B5B23AD05AB005ACBA1 /* LaunchScreen.storyboard */; };
		2E140BA623AD23FC005ACBA1 /* Feature1.framework in Frameworks */ = {isa = PBXBuildFile; fileRef = 2E140BA523AD23FC005ACBA1 /* Feature1.framework */; };
		2E140BA723AD23FC005ACBA1 /* Feature1.framework in Embed Frameworks */ = {isa = PBXBuildFile; fileRef = 2E140BA523AD23FC005ACBA1 /* Feature1.framework */; settings = {ATTRIBUTES = (CodeSignOnCopy, RemoveHeadersOnCopy, ); }; };
/* End PBXBuildFile section */

/* Begin PBXCopyFilesBuildPhase section */
		2E140BA823AD23FC005ACBA1 /* Embed Frameworks */ = {
			isa = PBXCopyFilesBuildPhase;
			buildActionMask = 2147483647;
			dstPath = "";
			dstSubfolderSpec = 10;
			files = (
				2E140BA723AD23FC005ACBA1 /* Feature1.framework in Embed Frameworks */,
			);
			name = "Embed Frameworks";
			runOnlyForDeploymentPostprocessing = 0;
		};
/* End PBXCopyFilesBuildPhase section */

/* Begin PBXFileReference section */
		2E140B4D23AD05A8005ACBA1 /* AppCore.app */ = {isa = PBXFileReference; explicitFileType = wrapper.application; includeInIndex = 0; path = AppCore.app; sourceTree = BUILT_PRODUCTS_DIR; };
		2E140B5023AD05A8005ACBA1 /* AppDelegate.swift */ = {isa = PBXFileReference; lastKnownFileType = sourcecode.swift; path = AppDelegate.swift; sourceTree = "<group>"; };
		2E140B5223AD05A8005ACBA1 /* SceneDelegate.swift */ = {isa = PBXFileReference; lastKnownFileType = sourcecode.swift; path = SceneDelegate.swift; sourceTree = "<group>"; };
		2E140B5423AD05A8005ACBA1 /* ContentView.swift */ = {isa = PBXFileReference; lastKnownFileType = sourcecode.swift; path = ContentView.swift; sourceTree = "<group>"; };
		2E140B5623AD05AB005ACBA1 /* Assets.xcassets */ = {isa = PBXFileReference; lastKnownFileType = folder.assetcatalog; path = Assets.xcassets; sourceTree = "<group>"; };
		2E140B5923AD05AB005ACBA1 /* Preview Assets.xcassets */ = {isa = PBXFileReference; lastKnownFileType = folder.assetcatalog; path = "Preview Assets.xcassets"; sourceTree = "<group>"; };
		2E140B5C23AD05AB005ACBA1 /* Base */ = {isa = PBXFileReference; lastKnownFileType = file.storyboard; name = Base; path = Base.lproj/LaunchScreen.storyboard; sourceTree = "<group>"; };
		2E140B5E23AD05AB005ACBA1 /* Info.plist */ = {isa = PBXFileReference; lastKnownFileType = text.plist.xml; path = Info.plist; sourceTree = "<group>"; };
		2E140BA523AD23FC005ACBA1 /* Feature1.framework */ = {isa = PBXFileReference; lastKnownFileType = wrapper.framework; name = Feature1.framework; path = Carthage/Build/iOS/Feature1.framework; sourceTree = "<group>"; };
/* End PBXFileReference section */

/* Begin PBXFrameworksBuildPhase section */
		2E140B4A23AD05A8005ACBA1 /* Frameworks */ = {
			isa = PBXFrameworksBuildPhase;
			buildActionMask = 2147483647;
			files = (
				2E140BA623AD23FC005ACBA1 /* Feature1.framework in Frameworks */,
			);
			runOnlyForDeploymentPostprocessing = 0;
		};
/* End PBXFrameworksBuildPhase section */

/* Begin PBXGroup section */
		2E140B4423AD05A8005ACBA1 = {
			isa = PBXGroup;
			children = (
				2E140B9F23AD133C005ACBA1 /* Dependences */,
				2E140B4F23AD05A8005ACBA1 /* AppCore */,
				2E140B4E23AD05A8005ACBA1 /* Products */,
				2E140B9423AD0FD1005ACBA1 /* Frameworks */,
			);
			sourceTree = "<group>";
		};
		2E140B4E23AD05A8005ACBA1 /* Products */ = {
			isa = PBXGroup;
			children = (
				2E140B4D23AD05A8005ACBA1 /* AppCore.app */,
			);
			name = Products;
			sourceTree = "<group>";
		};
		2E140B4F23AD05A8005ACBA1 /* AppCore */ = {
			isa = PBXGroup;
			children = (
				2E140B5023AD05A8005ACBA1 /* AppDelegate.swift */,
				2E140B5223AD05A8005ACBA1 /* SceneDelegate.swift */,
				2E140B5423AD05A8005ACBA1 /* ContentView.swift */,
				2E140B5623AD05AB005ACBA1 /* Assets.xcassets */,
				2E140B5B23AD05AB005ACBA1 /* LaunchScreen.storyboard */,
				2E140B5E23AD05AB005ACBA1 /* Info.plist */,
				2E140B5823AD05AB005ACBA1 /* Preview Content */,
			);
			path = AppCore;
			sourceTree = "<group>";
		};
		2E140B5823AD05AB005ACBA1 /* Preview Content */ = {
			isa = PBXGroup;
			children = (
				2E140B5923AD05AB005ACBA1 /* Preview Assets.xcassets */,
			);
			path = "Preview Content";
			sourceTree = "<group>";
		};
		2E140B9423AD0FD1005ACBA1 /* Frameworks */ = {
			isa = PBXGroup;
			children = (
				2E140BA523AD23FC005ACBA1 /* Feature1.framework */,
			);
			name = Frameworks;
			sourceTree = "<group>";
		};
		2E140B9F23AD133C005ACBA1 /* Dependences */ = {
			isa = PBXGroup;
			children = (
			);
			path = Dependences;
			sourceTree = "<group>";
		};
/* End PBXGroup section */

/* Begin PBXNativeTarget section */
		2E140B4C23AD05A8005ACBA1 /* AppCore */ = {
			isa = PBXNativeTarget;
			buildConfigurationList = 2E140B6123AD05AB005ACBA1 /* Build configuration list for PBXNativeTarget "AppCore" */;
			buildPhases = (
				2E140B4923AD05A8005ACBA1 /* Sources */,
				2E140B4A23AD05A8005ACBA1 /* Frameworks */,
				2E140B4B23AD05A8005ACBA1 /* Resources */,
				2E140B9923AD102A005ACBA1 /* ShellScript */,
				2E140BA823AD23FC005ACBA1 /* Embed Frameworks */,
			);
			buildRules = (
			);
			dependencies = (
			);
			name = AppCore;
			productName = AppCore;
			productReference = 2E140B4D23AD05A8005ACBA1 /* AppCore.app */;
			productType = "com.apple.product-type.application";
		};
/* End PBXNativeTarget section */

/* Begin PBXProject section */
		2E140B4523AD05A8005ACBA1 /* Project object */ = {
			isa = PBXProject;
			attributes = {
				LastSwiftUpdateCheck = 1130;
				LastUpgradeCheck = 1130;
				ORGANIZATIONNAME = "Eduardo Oliveira";
				TargetAttributes = {
					2E140B4C23AD05A8005ACBA1 = {
						CreatedOnToolsVersion = 11.3;
					};
				};
			};
			buildConfigurationList = 2E140B4823AD05A8005ACBA1 /* Build configuration list for PBXProject "AppCore" */;
			compatibilityVersion = "Xcode 9.3";
			developmentRegion = en;
			hasScannedForEncodings = 0;
			knownRegions = (
				en,
				Base,
			);
			mainGroup = 2E140B4423AD05A8005ACBA1;
			productRefGroup = 2E140B4E23AD05A8005ACBA1 /* Products */;
			projectDirPath = "";
			projectRoot = "";
			targets = (
				2E140B4C23AD05A8005ACBA1 /* AppCore */,
			);
		};
/* End PBXProject section */

/* Begin PBXResourcesBuildPhase section */
		2E140B4B23AD05A8005ACBA1 /* Resources */ = {
			isa = PBXResourcesBuildPhase;
			buildActionMask = 2147483647;
			files = (
				2E140B5D23AD05AB005ACBA1 /* LaunchScreen.storyboard in Resources */,
				2E140B5A23AD05AB005ACBA1 /* Preview Assets.xcassets in Resources */,
				2E140B5723AD05AB005ACBA1 /* Assets.xcassets in Resources */,
			);
			runOnlyForDeploymentPostprocessing = 0;
		};
/* End PBXResourcesBuildPhase section */

/* Begin PBXShellScriptBuildPhase section */
		2E140B9923AD102A005ACBA1 /* ShellScript */ = {
			isa = PBXShellScriptBuildPhase;
			buildActionMask = 2147483647;
			files = (
			);
			inputFileListPaths = (
			);
			inputPaths = (
				"$(SRCROOT)/Carthage/Build/iOS/Feature1.framework",
			);
			outputFileListPaths = (
			);
			outputPaths = (
			);
			runOnlyForDeploymentPostprocessing = 0;
			shellPath = /bin/sh;
			shellScript = "/usr/local/bin/carthage copy-frameworks\n";
		};
/* End PBXShellScriptBuildPhase section */

/* Begin PBXSourcesBuildPhase section */
		2E140B4923AD05A8005ACBA1 /* Sources */ = {
			isa = PBXSourcesBuildPhase;
			buildActionMask = 2147483647;
			files = (
				2E140B5123AD05A8005ACBA1 /* AppDelegate.swift in Sources */,
				2E140B5323AD05A8005ACBA1 /* SceneDelegate.swift in Sources */,
				2E140B5523AD05A8005ACBA1 /* ContentView.swift in Sources */,
			);
			runOnlyForDeploymentPostprocessing = 0;
		};
/* End PBXSourcesBuildPhase section */

/* Begin PBXVariantGroup section */
		2E140B5B23AD05AB005ACBA1 /* LaunchScreen.storyboard */ = {
			isa = PBXVariantGroup;
			children = (
				2E140B5C23AD05AB005ACBA1 /* Base */,
			);
			name = LaunchScreen.storyboard;
			sourceTree = "<group>";
		};
/* End PBXVariantGroup section */

/* Begin XCBuildConfiguration section */
		2E140B5F23AD05AB005ACBA1 /* Debug */ = {
			isa = XCBuildConfiguration;
			buildSettings = {
				ALWAYS_SEARCH_USER_PATHS = NO;
				CLANG_ANALYZER_NONNULL = YES;
				CLANG_ANALYZER_NUMBER_OBJECT_CONVERSION = YES_AGGRESSIVE;
				CLANG_CXX_LANGUAGE_STANDARD = "gnu++14";
				CLANG_CXX_LIBRARY = "libc++";
				CLANG_ENABLE_MODULES = YES;
				CLANG_ENABLE_OBJC_ARC = YES;
				CLANG_ENABLE_OBJC_WEAK = YES;
				CLANG_WARN_BLOCK_CAPTURE_AUTORELEASING = YES;
				CLANG_WARN_BOOL_CONVERSION = YES;
				CLANG_WARN_COMMA = YES;
				CLANG_WARN_CONSTANT_CONVERSION = YES;
				CLANG_WARN_DEPRECATED_OBJC_IMPLEMENTATIONS = YES;
				CLANG_WARN_DIRECT_OBJC_ISA_USAGE = YES_ERROR;
				CLANG_WARN_DOCUMENTATION_COMMENTS = YES;
				CLANG_WARN_EMPTY_BODY = YES;
				CLANG_WARN_ENUM_CONVERSION = YES;
				CLANG_WARN_INFINITE_RECURSION = YES;
				CLANG_WARN_INT_CONVERSION = YES;
				CLANG_WARN_NON_LITERAL_NULL_CONVERSION = YES;
				CLANG_WARN_OBJC_IMPLICIT_RETAIN_SELF = YES;
				CLANG_WARN_OBJC_LITERAL_CONVERSION = YES;
				CLANG_WARN_OBJC_ROOT_CLASS = YES_ERROR;
				CLANG_WARN_RANGE_LOOP_ANALYSIS = YES;
				CLANG_WARN_STRICT_PROTOTYPES = YES;
				CLANG_WARN_SUSPICIOUS_MOVE = YES;
				CLANG_WARN_UNGUARDED_AVAILABILITY = YES_AGGRESSIVE;
				CLANG_WARN_UNREACHABLE_CODE = YES;
				CLANG_WARN__DUPLICATE_METHOD_MATCH = YES;
				COPY_PHASE_STRIP = NO;
				DEBUG_INFORMATION_FORMAT = dwarf;
				ENABLE_STRICT_OBJC_MSGSEND = YES;
				ENABLE_TESTABILITY = YES;
				GCC_C_LANGUAGE_STANDARD = gnu11;
				GCC_DYNAMIC_NO_PIC = NO;
				GCC_NO_COMMON_BLOCKS = YES;
				GCC_OPTIMIZATION_LEVEL = 0;
				GCC_PREPROCESSOR_DEFINITIONS = (
					"DEBUG=1",
					"$(inherited)",
				);
				GCC_WARN_64_TO_32_BIT_CONVERSION = YES;
				GCC_WARN_ABOUT_RETURN_TYPE = YES_ERROR;
				GCC_WARN_UNDECLARED_SELECTOR = YES;
				GCC_WARN_UNINITIALIZED_AUTOS = YES_AGGRESSIVE;
				GCC_WARN_UNUSED_FUNCTION = YES;
				GCC_WARN_UNUSED_VARIABLE = YES;
				IPHONEOS_DEPLOYMENT_TARGET = 13.2;
				MTL_ENABLE_DEBUG_INFO = INCLUDE_SOURCE;
				MTL_FAST_MATH = YES;
				ONLY_ACTIVE_ARCH = YES;
				SDKROOT = iphoneos;
				SWIFT_ACTIVE_COMPILATION_CONDITIONS = DEBUG;
				SWIFT_OPTIMIZATION_LEVEL = "-Onone";
			};
			name = Debug;
		};
		2E140B6023AD05AB005ACBA1 /* Release */ = {
			isa = XCBuildConfiguration;
			buildSettings = {
				ALWAYS_SEARCH_USER_PATHS = NO;
				CLANG_ANALYZER_NONNULL = YES;
				CLANG_ANALYZER_NUMBER_OBJECT_CONVERSION = YES_AGGRESSIVE;
				CLANG_CXX_LANGUAGE_STANDARD = "gnu++14";
				CLANG_CXX_LIBRARY = "libc++";
				CLANG_ENABLE_MODULES = YES;
				CLANG_ENABLE_OBJC_ARC = YES;
				CLANG_ENABLE_OBJC_WEAK = YES;
				CLANG_WARN_BLOCK_CAPTURE_AUTORELEASING = YES;
				CLANG_WARN_BOOL_CONVERSION = YES;
				CLANG_WARN_COMMA = YES;
				CLANG_WARN_CONSTANT_CONVERSION = YES;
				CLANG_WARN_DEPRECATED_OBJC_IMPLEMENTATIONS = YES;
				CLANG_WARN_DIRECT_OBJC_ISA_USAGE = YES_ERROR;
				CLANG_WARN_DOCUMENTATION_COMMENTS = YES;
				CLANG_WARN_EMPTY_BODY = YES;
				CLANG_WARN_ENUM_CONVERSION = YES;
				CLANG_WARN_INFINITE_RECURSION = YES;
				CLANG_WARN_INT_CONVERSION = YES;
				CLANG_WARN_NON_LITERAL_NULL_CONVERSION = YES;
				CLANG_WARN_OBJC_IMPLICIT_RETAIN_SELF = YES;
				CLANG_WARN_OBJC_LITERAL_CONVERSION = YES;
				CLANG_WARN_OBJC_ROOT_CLASS = YES_ERROR;
				CLANG_WARN_RANGE_LOOP_ANALYSIS = YES;
				CLANG_WARN_STRICT_PROTOTYPES = YES;
				CLANG_WARN_SUSPICIOUS_MOVE = YES;
				CLANG_WARN_UNGUARDED_AVAILABILITY = YES_AGGRESSIVE;
				CLANG_WARN_UNREACHABLE_CODE = YES;
				CLANG_WARN__DUPLICATE_METHOD_MATCH = YES;
				COPY_PHASE_STRIP = NO;
				DEBUG_INFORMATION_FORMAT = "dwarf-with-dsym";
				ENABLE_NS_ASSERTIONS = NO;
				ENABLE_STRICT_OBJC_MSGSEND = YES;
				GCC_C_LANGUAGE_STANDARD = gnu11;
				GCC_NO_COMMON_BLOCKS = YES;
				GCC_WARN_64_TO_32_BIT_CONVERSION = YES;
				GCC_WARN_ABOUT_RETURN_TYPE = YES_ERROR;
				GCC_WARN_UNDECLARED_SELECTOR = YES;
				GCC_WARN_UNINITIALIZED_AUTOS = YES_AGGRESSIVE;
				GCC_WARN_UNUSED_FUNCTION = YES;
				GCC_WARN_UNUSED_VARIABLE = YES;
				IPHONEOS_DEPLOYMENT_TARGET = 13.2;
				MTL_ENABLE_DEBUG_INFO = NO;
				MTL_FAST_MATH = YES;
				SDKROOT = iphoneos;
				SWIFT_COMPILATION_MODE = wholemodule;
				SWIFT_OPTIMIZATION_LEVEL = "-O";
				VALIDATE_PRODUCT = YES;
			};
			name = Release;
		};
		2E140B6223AD05AB005ACBA1 /* Debug */ = {
			isa = XCBuildConfiguration;
			buildSettings = {
				ASSETCATALOG_COMPILER_APPICON_NAME = AppIcon;
				CODE_SIGN_STYLE = Automatic;
				DEVELOPMENT_ASSET_PATHS = "\"AppCore/Preview Content\"";
				ENABLE_PREVIEWS = YES;
				FRAMEWORK_SEARCH_PATHS = (
					"$(inherited)",
					"$(PROJECT_DIR)/Carthage/Build/iOS",
				);
				INFOPLIST_FILE = AppCore/Info.plist;
				LD_RUNPATH_SEARCH_PATHS = (
					"$(inherited)",
					"@executable_path/Frameworks",
				);
				PRODUCT_BUNDLE_IDENTIFIER = com.eduardooliveira.AppCore;
				PRODUCT_NAME = "$(TARGET_NAME)";
				SWIFT_VERSION = 5.0;
				TARGETED_DEVICE_FAMILY = "1,2";
			};
			name = Debug;
		};
		2E140B6323AD05AB005ACBA1 /* Release */ = {
			isa = XCBuildConfiguration;
			buildSettings = {
				ASSETCATALOG_COMPILER_APPICON_NAME = AppIcon;
				CODE_SIGN_STYLE = Automatic;
				DEVELOPMENT_ASSET_PATHS = "\"AppCore/Preview Content\"";
				ENABLE_PREVIEWS = YES;
				FRAMEWORK_SEARCH_PATHS = (
					"$(inherited)",
					"$(PROJECT_DIR)/Carthage/Build/iOS",
				);
				INFOPLIST_FILE = AppCore/Info.plist;
				LD_RUNPATH_SEARCH_PATHS = (
					"$(inherited)",
					"@executable_path/Frameworks",
				);
				PRODUCT_BUNDLE_IDENTIFIER = com.eduardooliveira.AppCore;
				PRODUCT_NAME = "$(TARGET_NAME)";
				SWIFT_VERSION = 5.0;
				TARGETED_DEVICE_FAMILY = "1,2";
			};
			name = Release;
		};
/* End XCBuildConfiguration section */

/* Begin XCConfigurationList section */
		2E140B4823AD05A8005ACBA1 /* Build configuration list for PBXProject "AppCore" */ = {
			isa = XCConfigurationList;
			buildConfigurations = (
				2E140B5F23AD05AB005ACBA1 /* Debug */,
				2E140B6023AD05AB005ACBA1 /* Release */,
			);
			defaultConfigurationIsVisible = 0;
			defaultConfigurationName = Release;
		};
		2E140B6123AD05AB005ACBA1 /* Build configuration list for PBXNativeTarget "AppCore" */ = {
			isa = XCConfigurationList;
			buildConfigurations = (
				2E140B6223AD05AB005ACBA1 /* Debug */,
				2E140B6323AD05AB005ACBA1 /* Release */,
			);
			defaultConfigurationIsVisible = 0;
			defaultConfigurationName = Release;
		};
/* End XCConfigurationList section */
	};
	rootObject = 2E140B4523AD05A8005ACBA1 /* Project object */;
}
